
Microsoft Visual Studio Solution File, Format Version 12.00
# Visual Studio Version 16
VisualStudioVersion = 16.0.29709.97
MinimumVisualStudioVersion = 10.0.40219.1
Project("{FAE04EC0-301F-11D3-BF4B-00C04F79EFBC}") = "PR01-03", "PR01-03\PR01-03.csproj", "{12692FA5-A864-4E1F-AAF3-1920D642CF1E}"
EndProject
Global
	GlobalSection(SolutionConfigurationPlatforms) = preSolution
		Debug|Any CPU = Debug|Any CPU
		Release|Any CPU = Release|Any CPU
	EndGlobalSection
	GlobalSection(ProjectConfigurationPlatforms) = postSolution
		{12692FA5-A864-4E1F-AAF3-1920D642CF1E}.Debug|Any CPU.ActiveCfg = Debug|Any CPU
		{12692FA5-A864-4E1F-AAF3-1920D642CF1E}.Debug|Any CPU.Build.0 = Debug|Any CPU
		{12692FA5-A864-4E1F-AAF3-1920D642CF1E}.Release|Any CPU.ActiveCfg = Release|Any CPU
		{12692FA5-A864-4E1F-AAF3-1920D642CF1E}.Release|Any CPU.Build.0 = Release|Any CPU
	EndGlobalSection
	GlobalSection(SolutionProperties) = preSolution
		HideSolutionNode = FALSE
	EndGlobalSection
	GlobalSection(ExtensibilityGlobals) = postSolution
		SolutionGuid = {D5D15231-46F1-48F6-8D86-557648AA48BE}
	EndGlobalSection
EndGlobal
