
Microsoft Visual Studio Solution File, Format Version 12.00
# Visual Studio Version 16
VisualStudioVersion = 16.0.29709.97
MinimumVisualStudioVersion = 10.0.40219.1
Project("{FAE04EC0-301F-11D3-BF4B-00C04F79EFBC}") = "PR01-02-3", "PR01-02-3\PR01-02-3.csproj", "{4D4AA975-1F0F-4BA7-B437-F03FBBFD987E}"
EndProject
Global
	GlobalSection(SolutionConfigurationPlatforms) = preSolution
		Debug|Any CPU = Debug|Any CPU
		Release|Any CPU = Release|Any CPU
	EndGlobalSection
	GlobalSection(ProjectConfigurationPlatforms) = postSolution
		{4D4AA975-1F0F-4BA7-B437-F03FBBFD987E}.Debug|Any CPU.ActiveCfg = Debug|Any CPU
		{4D4AA975-1F0F-4BA7-B437-F03FBBFD987E}.Debug|Any CPU.Build.0 = Debug|Any CPU
		{4D4AA975-1F0F-4BA7-B437-F03FBBFD987E}.Release|Any CPU.ActiveCfg = Release|Any CPU
		{4D4AA975-1F0F-4BA7-B437-F03FBBFD987E}.Release|Any CPU.Build.0 = Release|Any CPU
	EndGlobalSection
	GlobalSection(SolutionProperties) = preSolution
		HideSolutionNode = FALSE
	EndGlobalSection
	GlobalSection(ExtensibilityGlobals) = postSolution
		SolutionGuid = {5EC2558A-2697-431C-870D-BEBE4D6555BD}
	EndGlobalSection
EndGlobal
