
Microsoft Visual Studio Solution File, Format Version 12.00
# Visual Studio Version 16
VisualStudioVersion = 16.0.29709.97
MinimumVisualStudioVersion = 10.0.40219.1
Project("{FAE04EC0-301F-11D3-BF4B-00C04F79EFBC}") = "PR01-02", "PR01-02\PR01-02.csproj", "{D3DECC0A-D014-401A-A9F3-821BC656A181}"
EndProject
Global
	GlobalSection(SolutionConfigurationPlatforms) = preSolution
		Debug|Any CPU = Debug|Any CPU
		Release|Any CPU = Release|Any CPU
	EndGlobalSection
	GlobalSection(ProjectConfigurationPlatforms) = postSolution
		{D3DECC0A-D014-401A-A9F3-821BC656A181}.Debug|Any CPU.ActiveCfg = Debug|Any CPU
		{D3DECC0A-D014-401A-A9F3-821BC656A181}.Debug|Any CPU.Build.0 = Debug|Any CPU
		{D3DECC0A-D014-401A-A9F3-821BC656A181}.Release|Any CPU.ActiveCfg = Release|Any CPU
		{D3DECC0A-D014-401A-A9F3-821BC656A181}.Release|Any CPU.Build.0 = Release|Any CPU
	EndGlobalSection
	GlobalSection(SolutionProperties) = preSolution
		HideSolutionNode = FALSE
	EndGlobalSection
	GlobalSection(ExtensibilityGlobals) = postSolution
		SolutionGuid = {0C0A41DD-174D-419D-AB68-D163285E0C68}
	EndGlobalSection
EndGlobal
